
Microsoft Visual Studio Solution File, Format Version 12.00
# Visual Studio Version 16
VisualStudioVersion = 16.0.30626.31
MinimumVisualStudioVersion = 10.0.40219.1
Project("{9A19103F-16F7-4668-BE54-9A1E7A4F7556}") = "RequiredPropertyInitTestSolution", "src\RequiredPropertyInitTestSolution\RequiredPropertyInitTestSolution.csproj", "{B8C88D68-AD98-4FF5-8F8D-0405AB007948}"
EndProject
Project("{FAE04EC0-301F-11D3-BF4B-00C04F79EFBC}") = "ClassDefinitionTest", "src\ClassDefinitionTest\ClassDefinitionTest.csproj", "{C505F87F-B6FA-4732-8E1B-54AFBE596D84}"
EndProject
Global
	GlobalSection(SolutionConfigurationPlatforms) = preSolution
		Debug|Any CPU = Debug|Any CPU
		Release|Any CPU = Release|Any CPU
	EndGlobalSection
	GlobalSection(ProjectConfigurationPlatforms) = postSolution
		{B8C88D68-AD98-4FF5-8F8D-0405AB007948}.Debug|Any CPU.ActiveCfg = Debug|Any CPU
		{B8C88D68-AD98-4FF5-8F8D-0405AB007948}.Debug|Any CPU.Build.0 = Debug|Any CPU
		{B8C88D68-AD98-4FF5-8F8D-0405AB007948}.Release|Any CPU.ActiveCfg = Release|Any CPU
		{B8C88D68-AD98-4FF5-8F8D-0405AB007948}.Release|Any CPU.Build.0 = Release|Any CPU
		{C505F87F-B6FA-4732-8E1B-54AFBE596D84}.Debug|Any CPU.ActiveCfg = Debug|Any CPU
		{C505F87F-B6FA-4732-8E1B-54AFBE596D84}.Debug|Any CPU.Build.0 = Debug|Any CPU
		{C505F87F-B6FA-4732-8E1B-54AFBE596D84}.Release|Any CPU.ActiveCfg = Release|Any CPU
		{C505F87F-B6FA-4732-8E1B-54AFBE596D84}.Release|Any CPU.Build.0 = Release|Any CPU
	EndGlobalSection
	GlobalSection(SolutionProperties) = preSolution
		HideSolutionNode = FALSE
	EndGlobalSection
	GlobalSection(ExtensibilityGlobals) = postSolution
		SolutionGuid = {C1384E5F-9646-444D-8CCE-CFDD306F3FA7}
	EndGlobalSection
EndGlobal
